
Microsoft Visual Studio Solution File, Format Version 12.00
# Visual Studio Version 17
VisualStudioVersion = 17.14.36429.23
MinimumVisualStudioVersion = 10.0.40219.1
Project("{FAE04EC0-301F-11D3-BF4B-00C04F79EFBC}") = "LxDp.Domain", "LxDp.Domain\LxDp.Domain.csproj", "{1DB7F7C9-B7A3-4DFD-9E3D-CABC8002EFF9}"
EndProject
Project("{FAE04EC0-301F-11D3-BF4B-00C04F79EFBC}") = "LxDp.Application", "LxDp.Application\LxDp.Application.csproj", "{4950FE82-0D8F-42BB-B948-341974372261}"
EndProject
Global
	GlobalSection(SolutionConfigurationPlatforms) = preSolution
		Debug|Any CPU = Debug|Any CPU
		Release|Any CPU = Release|Any CPU
	EndGlobalSection
	GlobalSection(ProjectConfigurationPlatforms) = postSolution
		{1DB7F7C9-B7A3-4DFD-9E3D-CABC8002EFF9}.Debug|Any CPU.ActiveCfg = Debug|Any CPU
		{1DB7F7C9-B7A3-4DFD-9E3D-CABC8002EFF9}.Debug|Any CPU.Build.0 = Debug|Any CPU
		{1DB7F7C9-B7A3-4DFD-9E3D-CABC8002EFF9}.Release|Any CPU.ActiveCfg = Release|Any CPU
		{1DB7F7C9-B7A3-4DFD-9E3D-CABC8002EFF9}.Release|Any CPU.Build.0 = Release|Any CPU
		{4950FE82-0D8F-42BB-B948-341974372261}.Debug|Any CPU.ActiveCfg = Debug|Any CPU
		{4950FE82-0D8F-42BB-B948-341974372261}.Debug|Any CPU.Build.0 = Debug|Any CPU
		{4950FE82-0D8F-42BB-B948-341974372261}.Release|Any CPU.ActiveCfg = Release|Any CPU
		{4950FE82-0D8F-42BB-B948-341974372261}.Release|Any CPU.Build.0 = Release|Any CPU
	EndGlobalSection
	GlobalSection(SolutionProperties) = preSolution
		HideSolutionNode = FALSE
	EndGlobalSection
	GlobalSection(ExtensibilityGlobals) = postSolution
		SolutionGuid = {EE34C1B6-D2D7-4538-A995-0EC84D71CC94}
	EndGlobalSection
EndGlobal
